
Microsoft Visual Studio Solution File, Format Version 12.00
# Visual Studio Version 16
VisualStudioVersion = 16.0.30503.244
MinimumVisualStudioVersion = 10.0.40219.1
Project("{FAE04EC0-301F-11D3-BF4B-00C04F79EFBC}") = "BookShop.UI", "BookShop.UI\BookShop.UI.csproj", "{9AB6CD53-A028-4DDF-B007-1402E07F0C32}"
EndProject
Project("{FAE04EC0-301F-11D3-BF4B-00C04F79EFBC}") = "BookShop.BLL", "BookShop.BLL\BookShop.BLL.csproj", "{B4BB252E-3323-4195-88DF-E59B2917F6EA}"
EndProject
Project("{FAE04EC0-301F-11D3-BF4B-00C04F79EFBC}") = "BookShop.DAL", "BookShop.DAL\BookShop.DAL.csproj", "{44916953-EF44-4661-943B-29DB848D4491}"
EndProject
Project("{FAE04EC0-301F-11D3-BF4B-00C04F79EFBC}") = "BookShop.Model", "BookShop.Model\BookShop.Model.csproj", "{0324B0F6-0608-4F1E-812A-77D63DF154CB}"
EndProject
Global
	GlobalSection(SolutionConfigurationPlatforms) = preSolution
		Debug|Any CPU = Debug|Any CPU
		Release|Any CPU = Release|Any CPU
	EndGlobalSection
	GlobalSection(ProjectConfigurationPlatforms) = postSolution
		{9AB6CD53-A028-4DDF-B007-1402E07F0C32}.Debug|Any CPU.ActiveCfg = Debug|Any CPU
		{9AB6CD53-A028-4DDF-B007-1402E07F0C32}.Debug|Any CPU.Build.0 = Debug|Any CPU
		{9AB6CD53-A028-4DDF-B007-1402E07F0C32}.Release|Any CPU.ActiveCfg = Release|Any CPU
		{9AB6CD53-A028-4DDF-B007-1402E07F0C32}.Release|Any CPU.Build.0 = Release|Any CPU
		{B4BB252E-3323-4195-88DF-E59B2917F6EA}.Debug|Any CPU.ActiveCfg = Debug|Any CPU
		{B4BB252E-3323-4195-88DF-E59B2917F6EA}.Debug|Any CPU.Build.0 = Debug|Any CPU
		{B4BB252E-3323-4195-88DF-E59B2917F6EA}.Release|Any CPU.ActiveCfg = Release|Any CPU
		{B4BB252E-3323-4195-88DF-E59B2917F6EA}.Release|Any CPU.Build.0 = Release|Any CPU
		{44916953-EF44-4661-943B-29DB848D4491}.Debug|Any CPU.ActiveCfg = Debug|Any CPU
		{44916953-EF44-4661-943B-29DB848D4491}.Debug|Any CPU.Build.0 = Debug|Any CPU
		{44916953-EF44-4661-943B-29DB848D4491}.Release|Any CPU.ActiveCfg = Release|Any CPU
		{44916953-EF44-4661-943B-29DB848D4491}.Release|Any CPU.Build.0 = Release|Any CPU
		{0324B0F6-0608-4F1E-812A-77D63DF154CB}.Debug|Any CPU.ActiveCfg = Debug|Any CPU
		{0324B0F6-0608-4F1E-812A-77D63DF154CB}.Debug|Any CPU.Build.0 = Debug|Any CPU
		{0324B0F6-0608-4F1E-812A-77D63DF154CB}.Release|Any CPU.ActiveCfg = Release|Any CPU
		{0324B0F6-0608-4F1E-812A-77D63DF154CB}.Release|Any CPU.Build.0 = Release|Any CPU
	EndGlobalSection
	GlobalSection(SolutionProperties) = preSolution
		HideSolutionNode = FALSE
	EndGlobalSection
	GlobalSection(ExtensibilityGlobals) = postSolution
		SolutionGuid = {46B2D308-FCFE-47AA-87F6-2002CB76BB3F}
	EndGlobalSection
EndGlobal
